<?xml version="1.0" encoding="UTF-8"?>
<Scheme LastUpgradeVersion="2650" version="1.7">
   <BuildAction parallelizeBuildables="YES" buildImplicitDependencies="YES">
      <BuildActionEntries>
         <BuildActionEntry buildForTesting="YES" buildForRunning="NO" buildForProfiling="NO" buildForArchiving="NO" buildForAnalyzing="YES">
            <BuildableReference BuildableIdentifier="primary" BlueprintIdentifier="F14100000000000000000010" BuildableName="CMUXMaestroRowInputFixture.app" BlueprintName="CMUXMaestroRowInputFixture" ReferencedContainer="container:CMUXMaestroPreview.xcodeproj"/>
         </BuildActionEntry>
      </BuildActionEntries>
   </BuildAction>
   <TestAction buildConfiguration="Debug" selectedDebuggerIdentifier="" selectedLauncherIdentifier="Xcode.IDEFoundation.Launcher.PosixSpawn" shouldUseLaunchSchemeArgsEnv="NO" shouldAutocreateTestPlan="YES">
      <Testables>
         <TestableReference skipped="NO" parallelizable="NO">
            <BuildableReference BuildableIdentifier="primary" BlueprintIdentifier="F14100000000000000000011" BuildableName="CMUXMaestroRowInputUITests.xctest" BlueprintName="CMUXMaestroRowInputUITests" ReferencedContainer="container:CMUXMaestroPreview.xcodeproj"/>
         </TestableReference>
      </Testables>
   </TestAction>
</Scheme>
