<?xml version="1.0" encoding="UTF-8"?>
<Scheme LastUpgradeVersion="1660" version="1.3">
  <BuildAction parallelizeBuildables="NO" buildImplicitDependencies="YES">
    <BuildActionEntries>
      <BuildActionEntry buildForTesting="YES" buildForRunning="NO" buildForProfiling="NO" buildForArchiving="NO" buildForAnalyzing="YES">
        <BuildableReference BuildableIdentifier="primary" BlueprintIdentifier="A00000000000000000000004" BuildableName="StockHostApprovalTests.xctest" BlueprintName="StockHostApprovalTests" ReferencedContainer="container:StockHostApproval.xcodeproj"/>
      </BuildActionEntry>
    </BuildActionEntries>
  </BuildAction>
  <TestAction buildConfiguration="Debug" selectedDebuggerIdentifier="Xcode.DebuggerFoundation.Debugger.LLDB" selectedLauncherIdentifier="Xcode.IDEFoundation.Launcher.LLDB" shouldUseLaunchSchemeArgsEnv="NO" testTimeoutsEnabled="YES">
    <Testables>
      <TestableReference skipped="NO" parallelizable="NO">
        <BuildableReference BuildableIdentifier="primary" BlueprintIdentifier="A00000000000000000000004" BuildableName="StockHostApprovalTests.xctest" BlueprintName="StockHostApprovalTests" ReferencedContainer="container:StockHostApproval.xcodeproj"/>
      </TestableReference>
    </Testables>
  </TestAction>
</Scheme>
